# This file is automatically @generated by Cargo.
# It is not intended for manual editing.
version = 4

[[package]]
name = "day_20"
version = "0.1.0"
dependencies = [
 "itertools",
 "primitive-benchmarker",
]

[[package]]
name = "either"
version = "1.16.0"
source = "registry+https://github.com/rust-lang/crates.io-index"
checksum = "91622ff5e7162018101f2fea40d6ebf4a78bbe5a49736a2020649edf9693679e"

[[package]]
name = "itertools"
version = "0.15.0"
source = "registry+https://github.com/rust-lang/crates.io-index"
checksum = "8b4baf93f58d4425749ca49a51c50ebab072c5df6994d08fed93541c331481dc"
dependencies = [
 "either",
]

[[package]]
name = "primitive-benchmarker"
version = "0.1.2"
source = "registry+https://github.com/rust-lang/crates.io-index"
checksum = "c64a4198421daf64655bde2ad0e94ee5ef74a479d4605555aadaad5e086d6da0"
