# This file is automatically @generated by Cargo.
# It is not intended for manual editing.
version = 4

[[package]]
name = "day_02"
version = "0.1.0"
dependencies = [
 "primitive-benchmarker",
]

[[package]]
name = "primitive-benchmarker"
version = "0.1.2"
source = "registry+https://github.com/rust-lang/crates.io-index"
checksum = "c64a4198421daf64655bde2ad0e94ee5ef74a479d4605555aadaad5e086d6da0"
