# This file is automatically @generated by Cargo.
# It is not intended for manual editing.
version = 4

[[package]]
name = "day_06"
version = "0.1.0"
dependencies = [
 "primitive-benchmarker",
]

[[package]]
name = "primitive-benchmarker"
version = "0.1.0"
source = "registry+https://github.com/rust-lang/crates.io-index"
checksum = "19427a2f7c2c5ad49dfac7613ff967dd0e859105347397930f22e28df73cd4bc"
